// !$*UTF8*$!
{
	archiveVersion = 1;
	classes = {
	};
	objectVersion = 56;
	objects = {

/* Begin PBXBuildFile section */
		2C009E032A87369100608B6E /* K1ng.app in Embed Watch Content */ = {isa = PBXBuildFile; fileRef = 2C009E022A87369100608B6E /* K1ng.app */; settings = {ATTRIBUTES = (RemoveHeadersOnCopy, ); }; };
		2C009E082A87369100608B6E /* NotesAppleWatchApp.swift in Sources */ = {isa = PBXBuildFile; fileRef = 2C009E072A87369100608B6E /* NotesAppleWatchApp.swift */; };
		2C009E0C2A87369200608B6E /* Assets.xcassets in Resources */ = {isa = PBXBuildFile; fileRef = 2C009E0B2A87369200608B6E /* Assets.xcassets */; };
		2C009E0F2A87369200608B6E /* Preview Assets.xcassets in Resources */ = {isa = PBXBuildFile; fileRef = 2C009E0E2A87369200608B6E /* Preview Assets.xcassets */; };
		2C009E1C2A87390400608B6E /* Note.swift in Sources */ = {isa = PBXBuildFile; fileRef = 2C009E1B2A87390400608B6E /* Note.swift */; };
		2C009E202A873A5800608B6E /* NoteView.swift in Sources */ = {isa = PBXBuildFile; fileRef = 2C009E1F2A873A5800608B6E /* NoteView.swift */; };
		2C009E252A873CCE00608B6E /* Ext + String.swift in Sources */ = {isa = PBXBuildFile; fileRef = 2C009E242A873CCE00608B6E /* Ext + String.swift */; };
		2C009E282A874AD400608B6E /* Logger.swift in Sources */ = {isa = PBXBuildFile; fileRef = 2C009E272A874AD400608B6E /* Logger.swift */; };
		2C009E2B2A87549000608B6E /* Realm in Frameworks */ = {isa = PBXBuildFile; productRef = 2C009E2A2A87549000608B6E /* Realm */; };
		2C009E2D2A87549000608B6E /* RealmSwift in Frameworks */ = {isa = PBXBuildFile; productRef = 2C009E2C2A87549000608B6E /* RealmSwift */; };
		2C009E312A8754D200608B6E /* RealmService.swift in Sources */ = {isa = PBXBuildFile; fileRef = 2C009E302A8754D200608B6E /* RealmService.swift */; };
		2C319EFD2A88F715005948F5 /* GameResults.swift in Sources */ = {isa = PBXBuildFile; fileRef = 2C319EFC2A88F715005948F5 /* GameResults.swift */; };
		2CF455DD2A87F3660044A208 /* CrossZeroView.swift in Sources */ = {isa = PBXBuildFile; fileRef = 2CF455DC2A87F3660044A208 /* CrossZeroView.swift */; };
		2CF455E02A87F5570044A208 /* CrossView.swift in Sources */ = {isa = PBXBuildFile; fileRef = 2CF455DF2A87F5570044A208 /* CrossView.swift */; };
		2CF455E22A87FC830044A208 /* ZeroView.swift in Sources */ = {isa = PBXBuildFile; fileRef = 2CF455E12A87FC830044A208 /* ZeroView.swift */; };
		2CF455E42A880E300044A208 /* MainView.swift in Sources */ = {isa = PBXBuildFile; fileRef = 2CF455E32A880E300044A208 /* MainView.swift */; };
		2CF455E62A8810EE0044A208 /* NotesView.swift in Sources */ = {isa = PBXBuildFile; fileRef = 2CF455E52A8810EE0044A208 /* NotesView.swift */; };
/* End PBXBuildFile section */

/* Begin PBXContainerItemProxy section */
		2C009E042A87369100608B6E /* PBXContainerItemProxy */ = {
			isa = PBXContainerItemProxy;
			containerPortal = 2C009DF62A87369100608B6E /* Project object */;
			proxyType = 1;
			remoteGlobalIDString = 2C009E012A87369100608B6E;
			remoteInfo = "NotesAppleWatch Watch App";
		};
/* End PBXContainerItemProxy section */

/* Begin PBXCopyFilesBuildPhase section */
		2C009E152A87369200608B6E /* Embed Watch Content */ = {
			isa = PBXCopyFilesBuildPhase;
			buildActionMask = 2147483647;
			dstPath = "$(CONTENTS_FOLDER_PATH)/Watch";
			dstSubfolderSpec = 16;
			files = (
				2C009E032A87369100608B6E /* K1ng.app in Embed Watch Content */,
			);
			name = "Embed Watch Content";
			runOnlyForDeploymentPostprocessing = 0;
		};
/* End PBXCopyFilesBuildPhase section */

/* Begin PBXFileReference section */
		2C009DFC2A87369100608B6E /* NotesAppleWatch.app */ = {isa = PBXFileReference; explicitFileType = wrapper.application; includeInIndex = 0; path = NotesAppleWatch.app; sourceTree = BUILT_PRODUCTS_DIR; };
		2C009E022A87369100608B6E /* K1ng.app */ = {isa = PBXFileReference; explicitFileType = wrapper.application; includeInIndex = 0; path = K1ng.app; sourceTree = BUILT_PRODUCTS_DIR; };
		2C009E072A87369100608B6E /* NotesAppleWatchApp.swift */ = {isa = PBXFileReference; lastKnownFileType = sourcecode.swift; path = NotesAppleWatchApp.swift; sourceTree = "<group>"; };
		2C009E0B2A87369200608B6E /* Assets.xcassets */ = {isa = PBXFileReference; lastKnownFileType = folder.assetcatalog; path = Assets.xcassets; sourceTree = "<group>"; };
		2C009E0E2A87369200608B6E /* Preview Assets.xcassets */ = {isa = PBXFileReference; lastKnownFileType = folder.assetcatalog; path = "Preview Assets.xcassets"; sourceTree = "<group>"; };
		2C009E1B2A87390400608B6E /* Note.swift */ = {isa = PBXFileReference; lastKnownFileType = sourcecode.swift; path = Note.swift; sourceTree = "<group>"; };
		2C009E1F2A873A5800608B6E /* NoteView.swift */ = {isa = PBXFileReference; lastKnownFileType = sourcecode.swift; path = NoteView.swift; sourceTree = "<group>"; };
		2C009E242A873CCE00608B6E /* Ext + String.swift */ = {isa = PBXFileReference; lastKnownFileType = sourcecode.swift; path = "Ext + String.swift"; sourceTree = "<group>"; };
		2C009E272A874AD400608B6E /* Logger.swift */ = {isa = PBXFileReference; lastKnownFileType = sourcecode.swift; path = Logger.swift; sourceTree = "<group>"; };
		2C009E302A8754D200608B6E /* RealmService.swift */ = {isa = PBXFileReference; lastKnownFileType = sourcecode.swift; path = RealmService.swift; sourceTree = "<group>"; };
		2C319EFC2A88F715005948F5 /* GameResults.swift */ = {isa = PBXFileReference; lastKnownFileType = sourcecode.swift; path = GameResults.swift; sourceTree = "<group>"; };
		2CF455DC2A87F3660044A208 /* CrossZeroView.swift */ = {isa = PBXFileReference; lastKnownFileType = sourcecode.swift; path = CrossZeroView.swift; sourceTree = "<group>"; };
		2CF455DF2A87F5570044A208 /* CrossView.swift */ = {isa = PBXFileReference; lastKnownFileType = sourcecode.swift; path = CrossView.swift; sourceTree = "<group>"; };
		2CF455E12A87FC830044A208 /* ZeroView.swift */ = {isa = PBXFileReference; lastKnownFileType = sourcecode.swift; path = ZeroView.swift; sourceTree = "<group>"; };
		2CF455E32A880E300044A208 /* MainView.swift */ = {isa = PBXFileReference; lastKnownFileType = sourcecode.swift; path = MainView.swift; sourceTree = "<group>"; };
		2CF455E52A8810EE0044A208 /* NotesView.swift */ = {isa = PBXFileReference; lastKnownFileType = sourcecode.swift; path = NotesView.swift; sourceTree = "<group>"; };
/* End PBXFileReference section */

/* Begin PBXFrameworksBuildPhase section */
		2C009DFF2A87369100608B6E /* Frameworks */ = {
			isa = PBXFrameworksBuildPhase;
			buildActionMask = 2147483647;
			files = (
				2C009E2D2A87549000608B6E /* RealmSwift in Frameworks */,
				2C009E2B2A87549000608B6E /* Realm in Frameworks */,
			);
			runOnlyForDeploymentPostprocessing = 0;
		};
/* End PBXFrameworksBuildPhase section */

/* Begin PBXGroup section */
		2C009DF52A87369100608B6E = {
			isa = PBXGroup;
			children = (
				2C009E062A87369100608B6E /* NotesAppleWatch Watch App */,
				2C009DFD2A87369100608B6E /* Products */,
			);
			sourceTree = "<group>";
		};
		2C009DFD2A87369100608B6E /* Products */ = {
			isa = PBXGroup;
			children = (
				2C009DFC2A87369100608B6E /* NotesAppleWatch.app */,
				2C009E022A87369100608B6E /* K1ng.app */,
			);
			name = Products;
			sourceTree = "<group>";
		};
		2C009E062A87369100608B6E /* NotesAppleWatch Watch App */ = {
			isa = PBXGroup;
			children = (
				2C009E212A873B2D00608B6E /* Application */,
				2C009E232A873CBD00608B6E /* Extensions */,
				2C009E2E2A8754BA00608B6E /* Services */,
				2CF455D92A87F3390044A208 /* Views */,
				2C009E0B2A87369200608B6E /* Assets.xcassets */,
				2C009E0D2A87369200608B6E /* Preview Content */,
			);
			path = "NotesAppleWatch Watch App";
			sourceTree = "<group>";
		};
		2C009E0D2A87369200608B6E /* Preview Content */ = {
			isa = PBXGroup;
			children = (
				2C009E0E2A87369200608B6E /* Preview Assets.xcassets */,
			);
			path = "Preview Content";
			sourceTree = "<group>";
		};
		2C009E192A8738F000608B6E /* View */ = {
			isa = PBXGroup;
			children = (
				2CF455E52A8810EE0044A208 /* NotesView.swift */,
			);
			path = View;
			sourceTree = "<group>";
		};
		2C009E1A2A8738F500608B6E /* Model */ = {
			isa = PBXGroup;
			children = (
				2C009E1B2A87390400608B6E /* Note.swift */,
			);
			path = Model;
			sourceTree = "<group>";
		};
		2C009E1D2A87393B00608B6E /* MainView */ = {
			isa = PBXGroup;
			children = (
				2CF455E32A880E300044A208 /* MainView.swift */,
			);
			path = MainView;
			sourceTree = "<group>";
		};
		2C009E1E2A873A4900608B6E /* Componets */ = {
			isa = PBXGroup;
			children = (
				2C009E1F2A873A5800608B6E /* NoteView.swift */,
			);
			path = Componets;
			sourceTree = "<group>";
		};
		2C009E212A873B2D00608B6E /* Application */ = {
			isa = PBXGroup;
			children = (
				2C009E072A87369100608B6E /* NotesAppleWatchApp.swift */,
			);
			path = Application;
			sourceTree = "<group>";
		};
		2C009E232A873CBD00608B6E /* Extensions */ = {
			isa = PBXGroup;
			children = (
				2C009E242A873CCE00608B6E /* Ext + String.swift */,
			);
			path = Extensions;
			sourceTree = "<group>";
		};
		2C009E262A874ACB00608B6E /* Logger */ = {
			isa = PBXGroup;
			children = (
				2C009E272A874AD400608B6E /* Logger.swift */,
			);
			path = Logger;
			sourceTree = "<group>";
		};
		2C009E2E2A8754BA00608B6E /* Services */ = {
			isa = PBXGroup;
			children = (
				2C009E262A874ACB00608B6E /* Logger */,
				2C009E2F2A8754C600608B6E /* Store */,
			);
			path = Services;
			sourceTree = "<group>";
		};
		2C009E2F2A8754C600608B6E /* Store */ = {
			isa = PBXGroup;
			children = (
				2C009E302A8754D200608B6E /* RealmService.swift */,
			);
			path = Store;
			sourceTree = "<group>";
		};
		2C319EFB2A88F709005948F5 /* Model */ = {
			isa = PBXGroup;
			children = (
				2C319EFC2A88F715005948F5 /* GameResults.swift */,
			);
			path = Model;
			sourceTree = "<group>";
		};
		2CF455D92A87F3390044A208 /* Views */ = {
			isa = PBXGroup;
			children = (
				2CF455E72A8811040044A208 /* Notes */,
				2CF455DA2A87F3440044A208 /* CrossZero */,
				2C009E1D2A87393B00608B6E /* MainView */,
			);
			path = Views;
			sourceTree = "<group>";
		};
		2CF455DA2A87F3440044A208 /* CrossZero */ = {
			isa = PBXGroup;
			children = (
				2C319EFB2A88F709005948F5 /* Model */,
				2CF455DE2A87F54C0044A208 /* Components */,
				2CF455DB2A87F35A0044A208 /* View */,
			);
			path = CrossZero;
			sourceTree = "<group>";
		};
		2CF455DB2A87F35A0044A208 /* View */ = {
			isa = PBXGroup;
			children = (
				2CF455DC2A87F3660044A208 /* CrossZeroView.swift */,
			);
			path = View;
			sourceTree = "<group>";
		};
		2CF455DE2A87F54C0044A208 /* Components */ = {
			isa = PBXGroup;
			children = (
				2CF455DF2A87F5570044A208 /* CrossView.swift */,
				2CF455E12A87FC830044A208 /* ZeroView.swift */,
			);
			path = Components;
			sourceTree = "<group>";
		};
		2CF455E72A8811040044A208 /* Notes */ = {
			isa = PBXGroup;
			children = (
				2C009E1A2A8738F500608B6E /* Model */,
				2C009E1E2A873A4900608B6E /* Componets */,
				2C009E192A8738F000608B6E /* View */,
			);
			path = Notes;
			sourceTree = "<group>";
		};
/* End PBXGroup section */

/* Begin PBXNativeTarget section */
		2C009DFB2A87369100608B6E /* NotesAppleWatch */ = {
			isa = PBXNativeTarget;
			buildConfigurationList = 2C009E162A87369200608B6E /* Build configuration list for PBXNativeTarget "NotesAppleWatch" */;
			buildPhases = (
				2C009DFA2A87369100608B6E /* Resources */,
				2C009E152A87369200608B6E /* Embed Watch Content */,
			);
			buildRules = (
			);
			dependencies = (
				2C009E052A87369100608B6E /* PBXTargetDependency */,
			);
			name = NotesAppleWatch;
			productName = NotesAppleWatch;
			productReference = 2C009DFC2A87369100608B6E /* NotesAppleWatch.app */;
			productType = "com.apple.product-type.application.watchapp2-container";
		};
		2C009E012A87369100608B6E /* NotesAppleWatch Watch App */ = {
			isa = PBXNativeTarget;
			buildConfigurationList = 2C009E122A87369200608B6E /* Build configuration list for PBXNativeTarget "NotesAppleWatch Watch App" */;
			buildPhases = (
				2C009DFE2A87369100608B6E /* Sources */,
				2C009DFF2A87369100608B6E /* Frameworks */,
				2C009E002A87369100608B6E /* Resources */,
			);
			buildRules = (
			);
			dependencies = (
			);
			name = "NotesAppleWatch Watch App";
			packageProductDependencies = (
				2C009E2A2A87549000608B6E /* Realm */,
				2C009E2C2A87549000608B6E /* RealmSwift */,
			);
			productName = "NotesAppleWatch Watch App";
			productReference = 2C009E022A87369100608B6E /* K1ng.app */;
			productType = "com.apple.product-type.application";
		};
/* End PBXNativeTarget section */

/* Begin PBXProject section */
		2C009DF62A87369100608B6E /* Project object */ = {
			isa = PBXProject;
			attributes = {
				BuildIndependentTargetsInParallel = 1;
				LastSwiftUpdateCheck = 1430;
				LastUpgradeCheck = 1430;
				TargetAttributes = {
					2C009DFB2A87369100608B6E = {
						CreatedOnToolsVersion = 14.3;
					};
					2C009E012A87369100608B6E = {
						CreatedOnToolsVersion = 14.3;
					};
				};
			};
			buildConfigurationList = 2C009DF92A87369100608B6E /* Build configuration list for PBXProject "NotesAppleWatch" */;
			compatibilityVersion = "Xcode 14.0";
			developmentRegion = en;
			hasScannedForEncodings = 0;
			knownRegions = (
				en,
				Base,
			);
			mainGroup = 2C009DF52A87369100608B6E;
			packageReferences = (
				2C009E292A87549000608B6E /* XCRemoteSwiftPackageReference "realm-swift" */,
			);
			productRefGroup = 2C009DFD2A87369100608B6E /* Products */;
			projectDirPath = "";
			projectRoot = "";
			targets = (
				2C009DFB2A87369100608B6E /* NotesAppleWatch */,
				2C009E012A87369100608B6E /* NotesAppleWatch Watch App */,
			);
		};
/* End PBXProject section */

/* Begin PBXResourcesBuildPhase section */
		2C009DFA2A87369100608B6E /* Resources */ = {
			isa = PBXResourcesBuildPhase;
			buildActionMask = 2147483647;
			files = (
			);
			runOnlyForDeploymentPostprocessing = 0;
		};
		2C009E002A87369100608B6E /* Resources */ = {
			isa = PBXResourcesBuildPhase;
			buildActionMask = 2147483647;
			files = (
				2C009E0F2A87369200608B6E /* Preview Assets.xcassets in Resources */,
				2C009E0C2A87369200608B6E /* Assets.xcassets in Resources */,
			);
			runOnlyForDeploymentPostprocessing = 0;
		};
/* End PBXResourcesBuildPhase section */

/* Begin PBXSourcesBuildPhase section */
		2C009DFE2A87369100608B6E /* Sources */ = {
			isa = PBXSourcesBuildPhase;
			buildActionMask = 2147483647;
			files = (
				2C319EFD2A88F715005948F5 /* GameResults.swift in Sources */,
				2CF455E02A87F5570044A208 /* CrossView.swift in Sources */,
				2C009E252A873CCE00608B6E /* Ext + String.swift in Sources */,
				2C009E282A874AD400608B6E /* Logger.swift in Sources */,
				2C009E312A8754D200608B6E /* RealmService.swift in Sources */,
				2CF455E22A87FC830044A208 /* ZeroView.swift in Sources */,
				2CF455DD2A87F3660044A208 /* CrossZeroView.swift in Sources */,
				2CF455E62A8810EE0044A208 /* NotesView.swift in Sources */,
				2CF455E42A880E300044A208 /* MainView.swift in Sources */,
				2C009E082A87369100608B6E /* NotesAppleWatchApp.swift in Sources */,
				2C009E202A873A5800608B6E /* NoteView.swift in Sources */,
				2C009E1C2A87390400608B6E /* Note.swift in Sources */,
			);
			runOnlyForDeploymentPostprocessing = 0;
		};
/* End PBXSourcesBuildPhase section */

/* Begin PBXTargetDependency section */
		2C009E052A87369100608B6E /* PBXTargetDependency */ = {
			isa = PBXTargetDependency;
			target = 2C009E012A87369100608B6E /* NotesAppleWatch Watch App */;
			targetProxy = 2C009E042A87369100608B6E /* PBXContainerItemProxy */;
		};
/* End PBXTargetDependency section */

/* Begin XCBuildConfiguration section */
		2C009E102A87369200608B6E /* Debug */ = {
			isa = XCBuildConfiguration;
			buildSettings = {
				ALWAYS_SEARCH_USER_PATHS = NO;
				CLANG_ANALYZER_NONNULL = YES;
				CLANG_ANALYZER_NUMBER_OBJECT_CONVERSION = YES_AGGRESSIVE;
				CLANG_CXX_LANGUAGE_STANDARD = "gnu++20";
				CLANG_ENABLE_MODULES = YES;
				CLANG_ENABLE_OBJC_ARC = YES;
				CLANG_ENABLE_OBJC_WEAK = YES;
				CLANG_WARN_BLOCK_CAPTURE_AUTORELEASING = YES;
				CLANG_WARN_BOOL_CONVERSION = YES;
				CLANG_WARN_COMMA = YES;
				CLANG_WARN_CONSTANT_CONVERSION = YES;
				CLANG_WARN_DEPRECATED_OBJC_IMPLEMENTATIONS = YES;
				CLANG_WARN_DIRECT_OBJC_ISA_USAGE = YES_ERROR;
				CLANG_WARN_DOCUMENTATION_COMMENTS = YES;
				CLANG_WARN_EMPTY_BODY = YES;
				CLANG_WARN_ENUM_CONVERSION = YES;
				CLANG_WARN_INFINITE_RECURSION = YES;
				CLANG_WARN_INT_CONVERSION = YES;
				CLANG_WARN_NON_LITERAL_NULL_CONVERSION = YES;
				CLANG_WARN_OBJC_IMPLICIT_RETAIN_SELF = YES;
				CLANG_WARN_OBJC_LITERAL_CONVERSION = YES;
				CLANG_WARN_OBJC_ROOT_CLASS = YES_ERROR;
				CLANG_WARN_QUOTED_INCLUDE_IN_FRAMEWORK_HEADER = YES;
				CLANG_WARN_RANGE_LOOP_ANALYSIS = YES;
				CLANG_WARN_STRICT_PROTOTYPES = YES;
				CLANG_WARN_SUSPICIOUS_MOVE = YES;
				CLANG_WARN_UNGUARDED_AVAILABILITY = YES_AGGRESSIVE;
				CLANG_WARN_UNREACHABLE_CODE = YES;
				CLANG_WARN__DUPLICATE_METHOD_MATCH = YES;
				COPY_PHASE_STRIP = NO;
				DEBUG_INFORMATION_FORMAT = dwarf;
				ENABLE_STRICT_OBJC_MSGSEND = YES;
				ENABLE_TESTABILITY = YES;
				GCC_C_LANGUAGE_STANDARD = gnu11;
				GCC_DYNAMIC_NO_PIC = NO;
				GCC_NO_COMMON_BLOCKS = YES;
				GCC_OPTIMIZATION_LEVEL = 0;
				GCC_PREPROCESSOR_DEFINITIONS = (
					"DEBUG=1",
					"$(inherited)",
				);
				GCC_WARN_64_TO_32_BIT_CONVERSION = YES;
				GCC_WARN_ABOUT_RETURN_TYPE = YES_ERROR;
				GCC_WARN_UNDECLARED_SELECTOR = YES;
				GCC_WARN_UNINITIALIZED_AUTOS = YES_AGGRESSIVE;
				GCC_WARN_UNUSED_FUNCTION = YES;
				GCC_WARN_UNUSED_VARIABLE = YES;
				MTL_ENABLE_DEBUG_INFO = INCLUDE_SOURCE;
				MTL_FAST_MATH = YES;
				ONLY_ACTIVE_ARCH = YES;
				SWIFT_ACTIVE_COMPILATION_CONDITIONS = DEBUG;
				SWIFT_OPTIMIZATION_LEVEL = "-Onone";
			};
			name = Debug;
		};
		2C009E112A87369200608B6E /* Release */ = {
			isa = XCBuildConfiguration;
			buildSettings = {
				ALWAYS_SEARCH_USER_PATHS = NO;
				CLANG_ANALYZER_NONNULL = YES;
				CLANG_ANALYZER_NUMBER_OBJECT_CONVERSION = YES_AGGRESSIVE;
				CLANG_CXX_LANGUAGE_STANDARD = "gnu++20";
				CLANG_ENABLE_MODULES = YES;
				CLANG_ENABLE_OBJC_ARC = YES;
				CLANG_ENABLE_OBJC_WEAK = YES;
				CLANG_WARN_BLOCK_CAPTURE_AUTORELEASING = YES;
				CLANG_WARN_BOOL_CONVERSION = YES;
				CLANG_WARN_COMMA = YES;
				CLANG_WARN_CONSTANT_CONVERSION = YES;
				CLANG_WARN_DEPRECATED_OBJC_IMPLEMENTATIONS = YES;
				CLANG_WARN_DIRECT_OBJC_ISA_USAGE = YES_ERROR;
				CLANG_WARN_DOCUMENTATION_COMMENTS = YES;
				CLANG_WARN_EMPTY_BODY = YES;
				CLANG_WARN_ENUM_CONVERSION = YES;
				CLANG_WARN_INFINITE_RECURSION = YES;
				CLANG_WARN_INT_CONVERSION = YES;
				CLANG_WARN_NON_LITERAL_NULL_CONVERSION = YES;
				CLANG_WARN_OBJC_IMPLICIT_RETAIN_SELF = YES;
				CLANG_WARN_OBJC_LITERAL_CONVERSION = YES;
				CLANG_WARN_OBJC_ROOT_CLASS = YES_ERROR;
				CLANG_WARN_QUOTED_INCLUDE_IN_FRAMEWORK_HEADER = YES;
				CLANG_WARN_RANGE_LOOP_ANALYSIS = YES;
				CLANG_WARN_STRICT_PROTOTYPES = YES;
				CLANG_WARN_SUSPICIOUS_MOVE = YES;
				CLANG_WARN_UNGUARDED_AVAILABILITY = YES_AGGRESSIVE;
				CLANG_WARN_UNREACHABLE_CODE = YES;
				CLANG_WARN__DUPLICATE_METHOD_MATCH = YES;
				COPY_PHASE_STRIP = NO;
				DEBUG_INFORMATION_FORMAT = "dwarf-with-dsym";
				ENABLE_NS_ASSERTIONS = NO;
				ENABLE_STRICT_OBJC_MSGSEND = YES;
				GCC_C_LANGUAGE_STANDARD = gnu11;
				GCC_NO_COMMON_BLOCKS = YES;
				GCC_WARN_64_TO_32_BIT_CONVERSION = YES;
				GCC_WARN_ABOUT_RETURN_TYPE = YES_ERROR;
				GCC_WARN_UNDECLARED_SELECTOR = YES;
				GCC_WARN_UNINITIALIZED_AUTOS = YES_AGGRESSIVE;
				GCC_WARN_UNUSED_FUNCTION = YES;
				GCC_WARN_UNUSED_VARIABLE = YES;
				MTL_ENABLE_DEBUG_INFO = NO;
				MTL_FAST_MATH = YES;
				SWIFT_COMPILATION_MODE = wholemodule;
				SWIFT_OPTIMIZATION_LEVEL = "-O";
			};
			name = Release;
		};
		2C009E132A87369200608B6E /* Debug */ = {
			isa = XCBuildConfiguration;
			buildSettings = {
				ASSETCATALOG_COMPILER_APPICON_NAME = AppIcon;
				ASSETCATALOG_COMPILER_GLOBAL_ACCENT_COLOR_NAME = AccentColor;
				CODE_SIGN_STYLE = Automatic;
				CURRENT_PROJECT_VERSION = 1;
				DEVELOPMENT_ASSET_PATHS = "\"NotesAppleWatch Watch App/Preview Content\"";
				DEVELOPMENT_TEAM = SKCX3NJ774;
				ENABLE_PREVIEWS = YES;
				GENERATE_INFOPLIST_FILE = YES;
				INFOPLIST_KEY_UISupportedInterfaceOrientations = "UIInterfaceOrientationPortrait UIInterfaceOrientationPortraitUpsideDown";
				INFOPLIST_KEY_WKWatchOnly = YES;
				LD_RUNPATH_SEARCH_PATHS = (
					"$(inherited)",
					"@executable_path/Frameworks",
				);
				MARKETING_VERSION = 1.0;
				PRODUCT_BUNDLE_IDENTIFIER = com.mightyK1ngRichard.NotesAppleWatch.watchkitapp;
				PRODUCT_NAME = K1ng;
				SDKROOT = watchos;
				SKIP_INSTALL = YES;
				SWIFT_EMIT_LOC_STRINGS = YES;
				SWIFT_VERSION = 5.0;
				TARGETED_DEVICE_FAMILY = 4;
				WATCHOS_DEPLOYMENT_TARGET = 9.4;
			};
			name = Debug;
		};
		2C009E142A87369200608B6E /* Release */ = {
			isa = XCBuildConfiguration;
			buildSettings = {
				ASSETCATALOG_COMPILER_APPICON_NAME = AppIcon;
				ASSETCATALOG_COMPILER_GLOBAL_ACCENT_COLOR_NAME = AccentColor;
				CODE_SIGN_STYLE = Automatic;
				CURRENT_PROJECT_VERSION = 1;
				DEVELOPMENT_ASSET_PATHS = "\"NotesAppleWatch Watch App/Preview Content\"";
				DEVELOPMENT_TEAM = SKCX3NJ774;
				ENABLE_PREVIEWS = YES;
				GENERATE_INFOPLIST_FILE = YES;
				INFOPLIST_KEY_UISupportedInterfaceOrientations = "UIInterfaceOrientationPortrait UIInterfaceOrientationPortraitUpsideDown";
				INFOPLIST_KEY_WKWatchOnly = YES;
				LD_RUNPATH_SEARCH_PATHS = (
					"$(inherited)",
					"@executable_path/Frameworks",
				);
				MARKETING_VERSION = 1.0;
				PRODUCT_BUNDLE_IDENTIFIER = com.mightyK1ngRichard.NotesAppleWatch.watchkitapp;
				PRODUCT_NAME = K1ng;
				SDKROOT = watchos;
				SKIP_INSTALL = YES;
				SWIFT_EMIT_LOC_STRINGS = YES;
				SWIFT_VERSION = 5.0;
				TARGETED_DEVICE_FAMILY = 4;
				VALIDATE_PRODUCT = YES;
				WATCHOS_DEPLOYMENT_TARGET = 9.4;
			};
			name = Release;
		};
		2C009E172A87369200608B6E /* Debug */ = {
			isa = XCBuildConfiguration;
			buildSettings = {
				ALWAYS_EMBED_SWIFT_STANDARD_LIBRARIES = YES;
				CODE_SIGN_STYLE = Automatic;
				CURRENT_PROJECT_VERSION = 1;
				DEVELOPMENT_TEAM = SKCX3NJ774;
				INFOPLIST_KEY_CFBundleDisplayName = NotesAppleWatch;
				MARKETING_VERSION = 1.0;
				PRODUCT_BUNDLE_IDENTIFIER = com.mightyK1ngRichard.NotesAppleWatch;
				PRODUCT_NAME = "$(TARGET_NAME)";
				SDKROOT = iphoneos;
				SWIFT_VERSION = 5.0;
			};
			name = Debug;
		};
		2C009E182A87369200608B6E /* Release */ = {
			isa = XCBuildConfiguration;
			buildSettings = {
				ALWAYS_EMBED_SWIFT_STANDARD_LIBRARIES = YES;
				CODE_SIGN_STYLE = Automatic;
				CURRENT_PROJECT_VERSION = 1;
				DEVELOPMENT_TEAM = SKCX3NJ774;
				INFOPLIST_KEY_CFBundleDisplayName = NotesAppleWatch;
				MARKETING_VERSION = 1.0;
				PRODUCT_BUNDLE_IDENTIFIER = com.mightyK1ngRichard.NotesAppleWatch;
				PRODUCT_NAME = "$(TARGET_NAME)";
				SDKROOT = iphoneos;
				SWIFT_VERSION = 5.0;
				VALIDATE_PRODUCT = YES;
			};
			name = Release;
		};
/* End XCBuildConfiguration section */

/* Begin XCConfigurationList section */
		2C009DF92A87369100608B6E /* Build configuration list for PBXProject "NotesAppleWatch" */ = {
			isa = XCConfigurationList;
			buildConfigurations = (
				2C009E102A87369200608B6E /* Debug */,
				2C009E112A87369200608B6E /* Release */,
			);
			defaultConfigurationIsVisible = 0;
			defaultConfigurationName = Release;
		};
		2C009E122A87369200608B6E /* Build configuration list for PBXNativeTarget "NotesAppleWatch Watch App" */ = {
			isa = XCConfigurationList;
			buildConfigurations = (
				2C009E132A87369200608B6E /* Debug */,
				2C009E142A87369200608B6E /* Release */,
			);
			defaultConfigurationIsVisible = 0;
			defaultConfigurationName = Release;
		};
		2C009E162A87369200608B6E /* Build configuration list for PBXNativeTarget "NotesAppleWatch" */ = {
			isa = XCConfigurationList;
			buildConfigurations = (
				2C009E172A87369200608B6E /* Debug */,
				2C009E182A87369200608B6E /* Release */,
			);
			defaultConfigurationIsVisible = 0;
			defaultConfigurationName = Release;
		};
/* End XCConfigurationList section */

/* Begin XCRemoteSwiftPackageReference section */
		2C009E292A87549000608B6E /* XCRemoteSwiftPackageReference "realm-swift" */ = {
			isa = XCRemoteSwiftPackageReference;
			repositoryURL = "https://github.com/realm/realm-swift";
			requirement = {
				branch = master;
				kind = branch;
			};
		};
/* End XCRemoteSwiftPackageReference section */

/* Begin XCSwiftPackageProductDependency section */
		2C009E2A2A87549000608B6E /* Realm */ = {
			isa = XCSwiftPackageProductDependency;
			package = 2C009E292A87549000608B6E /* XCRemoteSwiftPackageReference "realm-swift" */;
			productName = Realm;
		};
		2C009E2C2A87549000608B6E /* RealmSwift */ = {
			isa = XCSwiftPackageProductDependency;
			package = 2C009E292A87549000608B6E /* XCRemoteSwiftPackageReference "realm-swift" */;
			productName = RealmSwift;
		};
/* End XCSwiftPackageProductDependency section */
	};
	rootObject = 2C009DF62A87369100608B6E /* Project object */;
}
